
Microsoft Visual Studio Solution File, Format Version 12.00
# Visual Studio Version 17
VisualStudioVersion = 17.3.32811.315
MinimumVisualStudioVersion = 10.0.40219.1
Project("{9A19103F-16F7-4668-BE54-9A1E7A4F7556}") = "ARSoftware.Cfdi.DescargaMasiva", "src\ARSoftware.Cfdi.DescargaMasiva\ARSoftware.Cfdi.DescargaMasiva.csproj", "{02852069-FB8D-40B5-955A-C4BD5084D958}"
EndProject
Project("{9A19103F-16F7-4668-BE54-9A1E7A4F7556}") = "ConsoleDemo", "samples\ConsoleDemo\ConsoleDemo.csproj", "{19049095-0F11-491A-83A1-CE88A0071278}"
EndProject
Global
	GlobalSection(SolutionConfigurationPlatforms) = preSolution
		Debug|Any CPU = Debug|Any CPU
		Release|Any CPU = Release|Any CPU
	EndGlobalSection
	GlobalSection(ProjectConfigurationPlatforms) = postSolution
		{02852069-FB8D-40B5-955A-C4BD5084D958}.Debug|Any CPU.ActiveCfg = Debug|Any CPU
		{02852069-FB8D-40B5-955A-C4BD5084D958}.Debug|Any CPU.Build.0 = Debug|Any CPU
		{02852069-FB8D-40B5-955A-C4BD5084D958}.Release|Any CPU.ActiveCfg = Release|Any CPU
		{02852069-FB8D-40B5-955A-C4BD5084D958}.Release|Any CPU.Build.0 = Release|Any CPU
		{19049095-0F11-491A-83A1-CE88A0071278}.Debug|Any CPU.ActiveCfg = Debug|Any CPU
		{19049095-0F11-491A-83A1-CE88A0071278}.Debug|Any CPU.Build.0 = Debug|Any CPU
		{19049095-0F11-491A-83A1-CE88A0071278}.Release|Any CPU.ActiveCfg = Release|Any CPU
		{19049095-0F11-491A-83A1-CE88A0071278}.Release|Any CPU.Build.0 = Release|Any CPU
	EndGlobalSection
	GlobalSection(SolutionProperties) = preSolution
		HideSolutionNode = FALSE
	EndGlobalSection
	GlobalSection(ExtensibilityGlobals) = postSolution
		SolutionGuid = {59C7ECE6-AC78-419D-BD51-D8589D453504}
	EndGlobalSection
EndGlobal
