
Microsoft Visual Studio Solution File, Format Version 12.00
# Visual Studio Version 16
VisualStudioVersion = 16.0.29806.167
MinimumVisualStudioVersion = 10.0.40219.1
Project("{2150E333-8FDC-42A3-9474-1A3956D46DE8}") = "Src", "Src", "{BB648DB0-5A41-4046-AC0A-2AC6969F1022}"
EndProject
Project("{FAE04EC0-301F-11D3-BF4B-00C04F79EFBC}") = "ARSoftware.Cfdi.DescargaMasiva", "ARSoftware.Cfdi.DescargaMasiva\ARSoftware.Cfdi.DescargaMasiva.csproj", "{B1E690F4-441B-452F-8E2B-DB8A56D0DD93}"
EndProject
Global
	GlobalSection(SolutionConfigurationPlatforms) = preSolution
		Debug|Any CPU = Debug|Any CPU
		Release|Any CPU = Release|Any CPU
	EndGlobalSection
	GlobalSection(ProjectConfigurationPlatforms) = postSolution
		{B1E690F4-441B-452F-8E2B-DB8A56D0DD93}.Debug|Any CPU.ActiveCfg = Debug|Any CPU
		{B1E690F4-441B-452F-8E2B-DB8A56D0DD93}.Debug|Any CPU.Build.0 = Debug|Any CPU
		{B1E690F4-441B-452F-8E2B-DB8A56D0DD93}.Release|Any CPU.ActiveCfg = Release|Any CPU
		{B1E690F4-441B-452F-8E2B-DB8A56D0DD93}.Release|Any CPU.Build.0 = Release|Any CPU
	EndGlobalSection
	GlobalSection(SolutionProperties) = preSolution
		HideSolutionNode = FALSE
	EndGlobalSection
	GlobalSection(NestedProjects) = preSolution
		{B1E690F4-441B-452F-8E2B-DB8A56D0DD93} = {BB648DB0-5A41-4046-AC0A-2AC6969F1022}
	EndGlobalSection
	GlobalSection(ExtensibilityGlobals) = postSolution
		SolutionGuid = {59C7ECE6-AC78-419D-BD51-D8589D453504}
	EndGlobalSection
EndGlobal
